
Microsoft Visual Studio Solution File, Format Version 12.00
# Visual Studio Version 17
VisualStudioVersion = 17.8.34316.72
MinimumVisualStudioVersion = 10.0.40219.1
Project("{FAE04EC0-301F-11D3-BF4B-00C04F79EFBC}") = "SellFromTerminal", "SellFromTerminal\SellFromTerminal.csproj", "{36AED39A-DD38-40B0-80D7-1EB3E1B6681B}"
EndProject
Global
	GlobalSection(SolutionConfigurationPlatforms) = preSolution
		Debug|Any CPU = Debug|Any CPU
		Release|Any CPU = Release|Any CPU
	EndGlobalSection
	GlobalSection(ProjectConfigurationPlatforms) = postSolution
		{36AED39A-DD38-40B0-80D7-1EB3E1B6681B}.Debug|Any CPU.ActiveCfg = Debug|Any CPU
		{36AED39A-DD38-40B0-80D7-1EB3E1B6681B}.Debug|Any CPU.Build.0 = Debug|Any CPU
		{36AED39A-DD38-40B0-80D7-1EB3E1B6681B}.Release|Any CPU.ActiveCfg = Release|Any CPU
		{36AED39A-DD38-40B0-80D7-1EB3E1B6681B}.Release|Any CPU.Build.0 = Release|Any CPU
	EndGlobalSection
	GlobalSection(SolutionProperties) = preSolution
		HideSolutionNode = FALSE
	EndGlobalSection
	GlobalSection(ExtensibilityGlobals) = postSolution
		SolutionGuid = {4FC97950-372D-4933-A899-FFF59D497425}
	EndGlobalSection
EndGlobal
